
Microsoft Visual Studio Solution File, Format Version 12.00
# Visual Studio 15
VisualStudioVersion = 15.0.27130.2010
MinimumVisualStudioVersion = 10.0.40219.1
Project("{FAE04EC0-301F-11D3-BF4B-00C04F79EFBC}") = "NotiXamarin", "NotiXamarin\NotiXamarin.csproj", "{FE024EAB-9B32-4F37-A263-2E82D069387C}"
EndProject
Project("{FAE04EC0-301F-11D3-BF4B-00C04F79EFBC}") = "NotiXamarin.Core", "NotiXamarin.Core\NotiXamarin.Core.csproj", "{C28E2DAE-BEF6-4462-A34A-A4067B5B6DB6}"
EndProject
Project("{FAE04EC0-301F-11D3-BF4B-00C04F79EFBC}") = "NotiXamarin.Api", "NotiXamarin.Api\NotiXamarin.Api.csproj", "{BC0C378B-9DBA-404D-838E-1EECAEB59023}"
EndProject
Global
	GlobalSection(SolutionConfigurationPlatforms) = preSolution
		Debug|Any CPU = Debug|Any CPU
		Release|Any CPU = Release|Any CPU
	EndGlobalSection
	GlobalSection(ProjectConfigurationPlatforms) = postSolution
		{FE024EAB-9B32-4F37-A263-2E82D069387C}.Debug|Any CPU.ActiveCfg = Debug|Any CPU
		{FE024EAB-9B32-4F37-A263-2E82D069387C}.Debug|Any CPU.Build.0 = Debug|Any CPU
		{FE024EAB-9B32-4F37-A263-2E82D069387C}.Debug|Any CPU.Deploy.0 = Debug|Any CPU
		{FE024EAB-9B32-4F37-A263-2E82D069387C}.Release|Any CPU.ActiveCfg = Release|Any CPU
		{FE024EAB-9B32-4F37-A263-2E82D069387C}.Release|Any CPU.Build.0 = Release|Any CPU
		{FE024EAB-9B32-4F37-A263-2E82D069387C}.Release|Any CPU.Deploy.0 = Release|Any CPU
		{C28E2DAE-BEF6-4462-A34A-A4067B5B6DB6}.Debug|Any CPU.ActiveCfg = Debug|Any CPU
		{C28E2DAE-BEF6-4462-A34A-A4067B5B6DB6}.Debug|Any CPU.Build.0 = Debug|Any CPU
		{C28E2DAE-BEF6-4462-A34A-A4067B5B6DB6}.Release|Any CPU.ActiveCfg = Release|Any CPU
		{C28E2DAE-BEF6-4462-A34A-A4067B5B6DB6}.Release|Any CPU.Build.0 = Release|Any CPU
		{BC0C378B-9DBA-404D-838E-1EECAEB59023}.Debug|Any CPU.ActiveCfg = Debug|Any CPU
		{BC0C378B-9DBA-404D-838E-1EECAEB59023}.Debug|Any CPU.Build.0 = Debug|Any CPU
		{BC0C378B-9DBA-404D-838E-1EECAEB59023}.Release|Any CPU.ActiveCfg = Release|Any CPU
		{BC0C378B-9DBA-404D-838E-1EECAEB59023}.Release|Any CPU.Build.0 = Release|Any CPU
	EndGlobalSection
	GlobalSection(SolutionProperties) = preSolution
		HideSolutionNode = FALSE
	EndGlobalSection
	GlobalSection(ExtensibilityGlobals) = postSolution
		SolutionGuid = {B907FEC2-C091-4DF4-A5DC-BA03EC2ED8BC}
	EndGlobalSection
EndGlobal
